{
  "lockfile_version": "1",
  "packages": {
    "bundler@latest": {
      "last_modified": "2025-01-25T23:17:58Z",
      "resolved": "github:NixOS/nixpkgs/b582bb5b0d7af253b05d58314b85ab8ec46b8d19#bundler",
      "source": "devbox-search",
      "version": "2.5.22",
      "systems": {
        "aarch64-darwin": {
          "outputs": [
            {
              "name": "out",
              "path": "/nix/store/sjk7xw9v3zbs45x0fyz73r9q5cyc83zb-bundler-2.5.22",
              "default": true
            }
          ],
          "store_path": "/nix/store/sjk7xw9v3zbs45x0fyz73r9q5cyc83zb-bundler-2.5.22"
        },
        "aarch64-linux": {
          "outputs": [
            {
              "name": "out",
              "path": "/nix/store/6m5my8k8sy73l08p6b5by31i063vyi5z-bundler-2.5.22",
              "default": true
            }
          ],
          "store_path": "/nix/store/6m5my8k8sy73l08p6b5by31i063vyi5z-bundler-2.5.22"
        },
        "x86_64-darwin": {
          "outputs": [
            {
              "name": "out",
              "path": "/nix/store/bvafn150l26ksza364v3zp34hd2i7wqk-bundler-2.5.22",
              "default": true
            }
          ],
          "store_path": "/nix/store/bvafn150l26ksza364v3zp34hd2i7wqk-bundler-2.5.22"
        },
        "x86_64-linux": {
          "outputs": [
            {
              "name": "out",
              "path": "/nix/store/4pnyyqimjl7msvmvnkcf0gagvy6x7753-bundler-2.5.22",
              "default": true
            }
          ],
          "store_path": "/nix/store/4pnyyqimjl7msvmvnkcf0gagvy6x7753-bundler-2.5.22"
        }
      }
    },
    "coreutils@latest": {
      "last_modified": "2025-01-25T23:17:58Z",
      "resolved": "github:NixOS/nixpkgs/b582bb5b0d7af253b05d58314b85ab8ec46b8d19#coreutils",
      "source": "devbox-search",
      "version": "9.5",
      "systems": {
        "aarch64-darwin": {
          "outputs": [
            {
              "name": "out",
              "path": "/nix/store/27hlrqpjy40ifmmy3rw2fbi5b57l8cmw-coreutils-9.5",
              "default": true
            },
            {
              "name": "info",
              "path": "/nix/store/979pacq29h2rinv4qql89sim79jz5mg5-coreutils-9.5-info"
            }
          ],
          "store_path": "/nix/store/27hlrqpjy40ifmmy3rw2fbi5b57l8cmw-coreutils-9.5"
        },
        "aarch64-linux": {
          "outputs": [
            {
              "name": "out",
              "path": "/nix/store/j78cpriz6wkn9p2mkw742iix9hbkpbv2-coreutils-9.5",
              "default": true
            },
            {
              "name": "debug",
              "path": "/nix/store/xpymgypy20b4m8rkvykxsby5wnlv82ca-coreutils-9.5-debug"
            },
            {
              "name": "info",
              "path": "/nix/store/a5m80hqh1y2dx5qzff24whf724lgpgnw-coreutils-9.5-info"
            }
          ],
          "store_path": "/nix/store/j78cpriz6wkn9p2mkw742iix9hbkpbv2-coreutils-9.5"
        },
        "x86_64-darwin": {
          "outputs": [
            {
              "name": "out",
              "path": "/nix/store/5r1vifkx3r6frjv7ry294wr5ripyfcq8-coreutils-9.5",
              "default": true
            },
            {
              "name": "info",
              "path": "/nix/store/bqll1y5m159r35zxks1cqrdv8zb9y34a-coreutils-9.5-info"
            }
          ],
          "store_path": "/nix/store/5r1vifkx3r6frjv7ry294wr5ripyfcq8-coreutils-9.5"
        },
        "x86_64-linux": {
          "outputs": [
            {
              "name": "out",
              "path": "/nix/store/pw26z7msfmv291jq1qpp8bbaprs5hkfk-coreutils-9.5",
              "default": true
            },
            {
              "name": "debug",
              "path": "/nix/store/xj07rb0rlpdy7xlkc6g8p4rqqqm7513b-coreutils-9.5-debug"
            },
            {
              "name": "info",
              "path": "/nix/store/slrzma6vm0w75qwn4b8ana9h0x1rh8wi-coreutils-9.5-info"
            }
          ],
          "store_path": "/nix/store/pw26z7msfmv291jq1qpp8bbaprs5hkfk-coreutils-9.5"
        }
      }
    },
    "gitleaks@latest": {
      "last_modified": "2025-01-25T23:17:58Z",
      "resolved": "github:NixOS/nixpkgs/b582bb5b0d7af253b05d58314b85ab8ec46b8d19#gitleaks",
      "source": "devbox-search",
      "version": "8.23.2",
      "systems": {
        "aarch64-darwin": {
          "outputs": [
            {
              "name": "out",
              "path": "/nix/store/qrdnrrgbvzd48j6bbcizivsplh0yr092-gitleaks-8.23.2",
              "default": true
            }
          ],
          "store_path": "/nix/store/qrdnrrgbvzd48j6bbcizivsplh0yr092-gitleaks-8.23.2"
        },
        "aarch64-linux": {
          "outputs": [
            {
              "name": "out",
              "path": "/nix/store/5ms5b5kx669yw6s324p72qjb299iid3p-gitleaks-8.23.2",
              "default": true
            }
          ],
          "store_path": "/nix/store/5ms5b5kx669yw6s324p72qjb299iid3p-gitleaks-8.23.2"
        },
        "x86_64-darwin": {
          "outputs": [
            {
              "name": "out",
              "path": "/nix/store/wd48yd2w1nm193qr9ndgrcp8lf2271k9-gitleaks-8.23.2",
              "default": true
            }
          ],
          "store_path": "/nix/store/wd48yd2w1nm193qr9ndgrcp8lf2271k9-gitleaks-8.23.2"
        },
        "x86_64-linux": {
          "outputs": [
            {
              "name": "out",
              "path": "/nix/store/d38ns4b91jmaw19vi6081m4fgy4canjl-gitleaks-8.23.2",
              "default": true
            }
          ],
          "store_path": "/nix/store/d38ns4b91jmaw19vi6081m4fgy4canjl-gitleaks-8.23.2"
        }
      }
    },
    "gitlint@latest": {
      "last_modified": "2025-01-19T08:16:51Z",
      "resolved": "github:NixOS/nixpkgs/50165c4f7eb48ce82bd063e1fb8047a0f515f8ce#gitlint",
      "source": "devbox-search",
      "version": "0.19.1",
      "systems": {
        "aarch64-darwin": {
          "outputs": [
            {
              "name": "out",
              "path": "/nix/store/ccdhn6pflr3m3710id909akrcvlpkv5b-gitlint-0.19.1",
              "default": true
            },
            {
              "name": "dist",
              "path": "/nix/store/mwrbbzj3jgb2hpzspr2np0czdwxcxh5k-gitlint-0.19.1-dist"
            }
          ],
          "store_path": "/nix/store/ccdhn6pflr3m3710id909akrcvlpkv5b-gitlint-0.19.1"
        },
        "aarch64-linux": {
          "outputs": [
            {
              "name": "out",
              "path": "/nix/store/14ja14k8i2zy1f927i4wzhqqs64fb7qr-gitlint-0.19.1",
              "default": true
            },
            {
              "name": "dist",
              "path": "/nix/store/zm7qam7wpq6f51jv74cj1z4hzbkw3dw4-gitlint-0.19.1-dist"
            }
          ],
          "store_path": "/nix/store/14ja14k8i2zy1f927i4wzhqqs64fb7qr-gitlint-0.19.1"
        },
        "x86_64-darwin": {
          "outputs": [
            {
              "name": "out",
              "path": "/nix/store/6yfz6m78afqwxn9v4bdwyq0z0ld9b8hx-gitlint-0.19.1",
              "default": true
            },
            {
              "name": "dist",
              "path": "/nix/store/0m61jma1imji62ivk52lp7pfm4h2smgb-gitlint-0.19.1-dist"
            }
          ],
          "store_path": "/nix/store/6yfz6m78afqwxn9v4bdwyq0z0ld9b8hx-gitlint-0.19.1"
        },
        "x86_64-linux": {
          "outputs": [
            {
              "name": "out",
              "path": "/nix/store/qbq1pjr4zm8mwwfi0lqlgmsj3mnjkm8n-gitlint-0.19.1",
              "default": true
            },
            {
              "name": "dist",
              "path": "/nix/store/m076xb14px0ybc5rn772b14g3dz89w92-gitlint-0.19.1-dist"
            }
          ],
          "store_path": "/nix/store/qbq1pjr4zm8mwwfi0lqlgmsj3mnjkm8n-gitlint-0.19.1"
        }
      }
    },
    "html-proofer@latest": {
      "last_modified": "2025-01-25T23:17:58Z",
      "resolved": "github:NixOS/nixpkgs/b582bb5b0d7af253b05d58314b85ab8ec46b8d19#html-proofer",
      "source": "devbox-search",
      "version": "5.0.8",
      "systems": {
        "aarch64-darwin": {
          "outputs": [
            {
              "name": "out",
              "path": "/nix/store/dyqri0xsdxs59qlrp6l8vd3xsx6wdy5y-html-proofer-5.0.8",
              "default": true
            }
          ],
          "store_path": "/nix/store/dyqri0xsdxs59qlrp6l8vd3xsx6wdy5y-html-proofer-5.0.8"
        },
        "aarch64-linux": {
          "outputs": [
            {
              "name": "out",
              "path": "/nix/store/zxfaqb5rdi4shs522rpfa8qlqchsx22g-html-proofer-5.0.8",
              "default": true
            }
          ],
          "store_path": "/nix/store/zxfaqb5rdi4shs522rpfa8qlqchsx22g-html-proofer-5.0.8"
        },
        "x86_64-darwin": {
          "outputs": [
            {
              "name": "out",
              "path": "/nix/store/693g6wlirnv6vp9f78zr9vlcx9v0i4x3-html-proofer-5.0.8",
              "default": true
            }
          ],
          "store_path": "/nix/store/693g6wlirnv6vp9f78zr9vlcx9v0i4x3-html-proofer-5.0.8"
        },
        "x86_64-linux": {
          "outputs": [
            {
              "name": "out",
              "path": "/nix/store/y9jcmc20vb2pah280638alx43jr6ajg8-html-proofer-5.0.8",
              "default": true
            }
          ],
          "store_path": "/nix/store/y9jcmc20vb2pah280638alx43jr6ajg8-html-proofer-5.0.8"
        }
      }
    },
    "hub@latest": {
      "last_modified": "2025-01-25T23:17:58Z",
      "resolved": "github:NixOS/nixpkgs/b582bb5b0d7af253b05d58314b85ab8ec46b8d19#hub",
      "source": "devbox-search",
      "version": "2022-12-01",
      "systems": {
        "aarch64-darwin": {
          "outputs": [
            {
              "name": "out",
              "path": "/nix/store/b42gs5phiifz5gdxqv73m2596slspdnm-hub-unstable-2022-12-01",
              "default": true
            }
          ],
          "store_path": "/nix/store/b42gs5phiifz5gdxqv73m2596slspdnm-hub-unstable-2022-12-01"
        },
        "aarch64-linux": {
          "outputs": [
            {
              "name": "out",
              "path": "/nix/store/7cyhi1nxsl99skhaq8qcp49fz167g1rw-hub-unstable-2022-12-01",
              "default": true
            }
          ],
          "store_path": "/nix/store/7cyhi1nxsl99skhaq8qcp49fz167g1rw-hub-unstable-2022-12-01"
        },
        "x86_64-darwin": {
          "outputs": [
            {
              "name": "out",
              "path": "/nix/store/ncwpr0xziiysv05c50l1a4aysvgd5w5b-hub-unstable-2022-12-01",
              "default": true
            }
          ],
          "store_path": "/nix/store/ncwpr0xziiysv05c50l1a4aysvgd5w5b-hub-unstable-2022-12-01"
        },
        "x86_64-linux": {
          "outputs": [
            {
              "name": "out",
              "path": "/nix/store/g9k1fp892ns6d2968rsgc074x2zyrgbq-hub-unstable-2022-12-01",
              "default": true
            }
          ],
          "store_path": "/nix/store/g9k1fp892ns6d2968rsgc074x2zyrgbq-hub-unstable-2022-12-01"
        }
      }
    },
    "image_optim@latest": {
      "last_modified": "2025-01-24T11:25:45Z",
      "resolved": "github:NixOS/nixpkgs/ecd26a469ac56357fd333946a99086e992452b6a#image_optim",
      "source": "devbox-search",
      "version": "0.31.3",
      "systems": {
        "aarch64-darwin": {
          "outputs": [
            {
              "name": "out",
              "path": "/nix/store/py3wydx0hjfw41dmd00010v84in67m17-image_optim-0.31.3",
              "default": true
            }
          ],
          "store_path": "/nix/store/py3wydx0hjfw41dmd00010v84in67m17-image_optim-0.31.3"
        },
        "aarch64-linux": {
          "outputs": [
            {
              "name": "out",
              "path": "/nix/store/nlgs5q4xxnxv5m65l5wafql8lraw1w4q-image_optim-0.31.3",
              "default": true
            }
          ],
          "store_path": "/nix/store/nlgs5q4xxnxv5m65l5wafql8lraw1w4q-image_optim-0.31.3"
        },
        "x86_64-darwin": {
          "outputs": [
            {
              "name": "out",
              "path": "/nix/store/2720cy23kcipl1yf5km28shmyr0xf69v-image_optim-0.31.3",
              "default": true
            }
          ],
          "store_path": "/nix/store/2720cy23kcipl1yf5km28shmyr0xf69v-image_optim-0.31.3"
        },
        "x86_64-linux": {
          "outputs": [
            {
              "name": "out",
              "path": "/nix/store/9n0v5ssrxpqdfa45rqj75wppdjnm8vrm-image_optim-0.31.3",
              "default": true
            }
          ],
          "store_path": "/nix/store/9n0v5ssrxpqdfa45rqj75wppdjnm8vrm-image_optim-0.31.3"
        }
      }
    },
    "imagemagick@latest": {
      "last_modified": "2025-01-25T23:17:58Z",
      "resolved": "github:NixOS/nixpkgs/b582bb5b0d7af253b05d58314b85ab8ec46b8d19#imagemagick",
      "source": "devbox-search",
      "version": "7.1.1-43",
      "systems": {
        "aarch64-darwin": {
          "outputs": [
            {
              "name": "out",
              "path": "/nix/store/0zk1yywqbpsg5z7ixx58sm5rcc4rzka6-imagemagick-7.1.1-43",
              "default": true
            },
            {
              "name": "dev",
              "path": "/nix/store/5xik3iady0vc587pv0sz7shfd4ahwmz9-imagemagick-7.1.1-43-dev"
            },
            {
              "name": "doc",
              "path": "/nix/store/sp1va5jvk975r68x1b76l1k38dpp3grr-imagemagick-7.1.1-43-doc"
            }
          ],
          "store_path": "/nix/store/0zk1yywqbpsg5z7ixx58sm5rcc4rzka6-imagemagick-7.1.1-43"
        },
        "aarch64-linux": {
          "outputs": [
            {
              "name": "out",
              "path": "/nix/store/mj05b3lyd4nz8c1i7kpn724rx1w7c3s6-imagemagick-7.1.1-43",
              "default": true
            },
            {
              "name": "dev",
              "path": "/nix/store/lg8662j7gxggjwhcravs25lm1nq92888-imagemagick-7.1.1-43-dev"
            },
            {
              "name": "doc",
              "path": "/nix/store/xsz1lhjkil82mcmc7xs4xx1wjkfx6vhp-imagemagick-7.1.1-43-doc"
            }
          ],
          "store_path": "/nix/store/mj05b3lyd4nz8c1i7kpn724rx1w7c3s6-imagemagick-7.1.1-43"
        },
        "x86_64-darwin": {
          "outputs": [
            {
              "name": "out",
              "path": "/nix/store/fqm042d3l8jr71408xkm26xdq0pdfslb-imagemagick-7.1.1-43",
              "default": true
            },
            {
              "name": "dev",
              "path": "/nix/store/cc8a9mg74g7m6aq3m6rglwsd4ypl4ngb-imagemagick-7.1.1-43-dev"
            },
            {
              "name": "doc",
              "path": "/nix/store/d19x8y9vgwmr6xs76p55gadib78qwi4x-imagemagick-7.1.1-43-doc"
            }
          ],
          "store_path": "/nix/store/fqm042d3l8jr71408xkm26xdq0pdfslb-imagemagick-7.1.1-43"
        },
        "x86_64-linux": {
          "outputs": [
            {
              "name": "out",
              "path": "/nix/store/8a0bl1c6z0yh7qqy7nllr9s5akgic3fl-imagemagick-7.1.1-43",
              "default": true
            },
            {
              "name": "dev",
              "path": "/nix/store/ymy3lmrhghacn5ixh6id9yv8cj8jjmcc-imagemagick-7.1.1-43-dev"
            },
            {
              "name": "doc",
              "path": "/nix/store/v5alf2yql52644wlxjpjrsk0abjy34w5-imagemagick-7.1.1-43-doc"
            }
          ],
          "store_path": "/nix/store/8a0bl1c6z0yh7qqy7nllr9s5akgic3fl-imagemagick-7.1.1-43"
        }
      }
    },
    "jpegoptim@latest": {
      "last_modified": "2025-01-25T23:17:58Z",
      "resolved": "github:NixOS/nixpkgs/b582bb5b0d7af253b05d58314b85ab8ec46b8d19#jpegoptim",
      "source": "devbox-search",
      "version": "1.5.5",
      "systems": {
        "aarch64-darwin": {
          "outputs": [
            {
              "name": "out",
              "path": "/nix/store/swq4d7rrl7k168gky4618ifg672plnmm-jpegoptim-1.5.5",
              "default": true
            }
          ],
          "store_path": "/nix/store/swq4d7rrl7k168gky4618ifg672plnmm-jpegoptim-1.5.5"
        },
        "aarch64-linux": {
          "outputs": [
            {
              "name": "out",
              "path": "/nix/store/v5v250zcy7j1rhmgswa6q856639ifh1x-jpegoptim-1.5.5",
              "default": true
            }
          ],
          "store_path": "/nix/store/v5v250zcy7j1rhmgswa6q856639ifh1x-jpegoptim-1.5.5"
        },
        "x86_64-darwin": {
          "outputs": [
            {
              "name": "out",
              "path": "/nix/store/9xw60fzhvih87ag7i9acr8iwzkk2v7l4-jpegoptim-1.5.5",
              "default": true
            }
          ],
          "store_path": "/nix/store/9xw60fzhvih87ag7i9acr8iwzkk2v7l4-jpegoptim-1.5.5"
        },
        "x86_64-linux": {
          "outputs": [
            {
              "name": "out",
              "path": "/nix/store/0w3zpkqwvrc1fkffgi110sm4y1csasaw-jpegoptim-1.5.5",
              "default": true
            }
          ],
          "store_path": "/nix/store/0w3zpkqwvrc1fkffgi110sm4y1csasaw-jpegoptim-1.5.5"
        }
      }
    },
    "markdown-link-check@latest": {
      "last_modified": "2025-01-25T23:17:58Z",
      "resolved": "github:NixOS/nixpkgs/b582bb5b0d7af253b05d58314b85ab8ec46b8d19#markdown-link-check",
      "source": "devbox-search",
      "version": "3.13.6",
      "systems": {
        "aarch64-darwin": {
          "outputs": [
            {
              "name": "out",
              "path": "/nix/store/d2jybaw168zq9d19vlid8z163annx3gv-markdown-link-check-3.13.6",
              "default": true
            }
          ],
          "store_path": "/nix/store/d2jybaw168zq9d19vlid8z163annx3gv-markdown-link-check-3.13.6"
        },
        "aarch64-linux": {
          "outputs": [
            {
              "name": "out",
              "path": "/nix/store/hw5976jr58mw1bdkyrr8xkn006w0jmdm-markdown-link-check-3.13.6",
              "default": true
            }
          ],
          "store_path": "/nix/store/hw5976jr58mw1bdkyrr8xkn006w0jmdm-markdown-link-check-3.13.6"
        },
        "x86_64-darwin": {
          "outputs": [
            {
              "name": "out",
              "path": "/nix/store/xyvx9sr4m3br60ymnqjvxvfbp1s88jsn-markdown-link-check-3.13.6",
              "default": true
            }
          ],
          "store_path": "/nix/store/xyvx9sr4m3br60ymnqjvxvfbp1s88jsn-markdown-link-check-3.13.6"
        },
        "x86_64-linux": {
          "outputs": [
            {
              "name": "out",
              "path": "/nix/store/lxkc7cpzwkgcw7whw17w3mma7xn1xgbf-markdown-link-check-3.13.6",
              "default": true
            }
          ],
          "store_path": "/nix/store/lxkc7cpzwkgcw7whw17w3mma7xn1xgbf-markdown-link-check-3.13.6"
        }
      }
    },
    "markdownlint-cli@latest": {
      "last_modified": "2025-01-25T23:17:58Z",
      "resolved": "github:NixOS/nixpkgs/b582bb5b0d7af253b05d58314b85ab8ec46b8d19#markdownlint-cli",
      "source": "devbox-search",
      "version": "0.44.0",
      "systems": {
        "aarch64-darwin": {
          "outputs": [
            {
              "name": "out",
              "path": "/nix/store/wl9293ylinbj5zwzkklya2y7q1qgh24x-markdownlint-cli-0.44.0",
              "default": true
            }
          ],
          "store_path": "/nix/store/wl9293ylinbj5zwzkklya2y7q1qgh24x-markdownlint-cli-0.44.0"
        },
        "aarch64-linux": {
          "outputs": [
            {
              "name": "out",
              "path": "/nix/store/cyyi0j10h65cygywijmibi1k6610v4n5-markdownlint-cli-0.44.0",
              "default": true
            }
          ],
          "store_path": "/nix/store/cyyi0j10h65cygywijmibi1k6610v4n5-markdownlint-cli-0.44.0"
        },
        "x86_64-darwin": {
          "outputs": [
            {
              "name": "out",
              "path": "/nix/store/fyh4p0pm2pmypiprnhizbhbwhyc8abw3-markdownlint-cli-0.44.0",
              "default": true
            }
          ],
          "store_path": "/nix/store/fyh4p0pm2pmypiprnhizbhbwhyc8abw3-markdownlint-cli-0.44.0"
        },
        "x86_64-linux": {
          "outputs": [
            {
              "name": "out",
              "path": "/nix/store/bdidndiq25aanhy84pvcaf0swicv860y-markdownlint-cli-0.44.0",
              "default": true
            }
          ],
          "store_path": "/nix/store/bdidndiq25aanhy84pvcaf0swicv860y-markdownlint-cli-0.44.0"
        }
      }
    },
    "mdl@latest": {
      "last_modified": "2025-01-25T23:17:58Z",
      "resolved": "github:NixOS/nixpkgs/b582bb5b0d7af253b05d58314b85ab8ec46b8d19#mdl",
      "source": "devbox-search",
      "version": "0.13.0",
      "systems": {
        "aarch64-darwin": {
          "outputs": [
            {
              "name": "out",
              "path": "/nix/store/yilpjd1q5hnp8drac15iqxa7zw78m9md-mdl-0.13.0",
              "default": true
            }
          ],
          "store_path": "/nix/store/yilpjd1q5hnp8drac15iqxa7zw78m9md-mdl-0.13.0"
        },
        "aarch64-linux": {
          "outputs": [
            {
              "name": "out",
              "path": "/nix/store/a962zl414x1nchn83i1h1c33xq49hm5m-mdl-0.13.0",
              "default": true
            }
          ],
          "store_path": "/nix/store/a962zl414x1nchn83i1h1c33xq49hm5m-mdl-0.13.0"
        },
        "x86_64-darwin": {
          "outputs": [
            {
              "name": "out",
              "path": "/nix/store/nh2fs6chvw47v0ixciwfq97p3ng3yw5h-mdl-0.13.0",
              "default": true
            }
          ],
          "store_path": "/nix/store/nh2fs6chvw47v0ixciwfq97p3ng3yw5h-mdl-0.13.0"
        },
        "x86_64-linux": {
          "outputs": [
            {
              "name": "out",
              "path": "/nix/store/6185rcvwd609jciyd01idpbp5vy2pzay-mdl-0.13.0",
              "default": true
            }
          ],
          "store_path": "/nix/store/6185rcvwd609jciyd01idpbp5vy2pzay-mdl-0.13.0"
        }
      }
    },
    "nodePackages.prettier@latest": {
      "last_modified": "2025-01-25T23:17:58Z",
      "resolved": "github:NixOS/nixpkgs/b582bb5b0d7af253b05d58314b85ab8ec46b8d19#nodePackages.prettier",
      "source": "devbox-search",
      "version": "3.3.3",
      "systems": {
        "aarch64-darwin": {
          "outputs": [
            {
              "name": "out",
              "path": "/nix/store/7018mdjp14qr7vf66jwdxvxaxjvl48hn-prettier-3.3.3",
              "default": true
            }
          ],
          "store_path": "/nix/store/7018mdjp14qr7vf66jwdxvxaxjvl48hn-prettier-3.3.3"
        },
        "aarch64-linux": {
          "outputs": [
            {
              "name": "out",
              "path": "/nix/store/pysxyhskhjjsxiac0ha8zi08p2814rpi-prettier-3.3.3",
              "default": true
            }
          ],
          "store_path": "/nix/store/pysxyhskhjjsxiac0ha8zi08p2814rpi-prettier-3.3.3"
        },
        "x86_64-darwin": {
          "outputs": [
            {
              "name": "out",
              "path": "/nix/store/79qbg2kgcvji7k8whvw9k29cc84wvj3w-prettier-3.3.3",
              "default": true
            }
          ],
          "store_path": "/nix/store/79qbg2kgcvji7k8whvw9k29cc84wvj3w-prettier-3.3.3"
        },
        "x86_64-linux": {
          "outputs": [
            {
              "name": "out",
              "path": "/nix/store/rrmdwy79qyc61lxmrggvrpmdmrq3zym7-prettier-3.3.3",
              "default": true
            }
          ],
          "store_path": "/nix/store/rrmdwy79qyc61lxmrggvrpmdmrq3zym7-prettier-3.3.3"
        }
      }
    },
    "pngcrush@latest": {
      "last_modified": "2025-01-25T23:17:58Z",
      "resolved": "github:NixOS/nixpkgs/b582bb5b0d7af253b05d58314b85ab8ec46b8d19#pngcrush",
      "source": "devbox-search",
      "version": "1.8.13",
      "systems": {
        "aarch64-darwin": {
          "outputs": [
            {
              "name": "out",
              "path": "/nix/store/5hpx43pg78y1z3wv8iiv53ky6sj6rg4a-pngcrush-1.8.13",
              "default": true
            }
          ],
          "store_path": "/nix/store/5hpx43pg78y1z3wv8iiv53ky6sj6rg4a-pngcrush-1.8.13"
        },
        "aarch64-linux": {
          "outputs": [
            {
              "name": "out",
              "path": "/nix/store/aqpsmasphb4fak3s7gsxzinh4jyixffi-pngcrush-1.8.13",
              "default": true
            }
          ],
          "store_path": "/nix/store/aqpsmasphb4fak3s7gsxzinh4jyixffi-pngcrush-1.8.13"
        },
        "x86_64-darwin": {
          "outputs": [
            {
              "name": "out",
              "path": "/nix/store/qmddyl949j0a1g3ng44235sckwpwdj89-pngcrush-1.8.13",
              "default": true
            }
          ],
          "store_path": "/nix/store/qmddyl949j0a1g3ng44235sckwpwdj89-pngcrush-1.8.13"
        },
        "x86_64-linux": {
          "outputs": [
            {
              "name": "out",
              "path": "/nix/store/a9ixmh9kkvaapz2a768w315vc3gc1jbz-pngcrush-1.8.13",
              "default": true
            }
          ],
          "store_path": "/nix/store/a9ixmh9kkvaapz2a768w315vc3gc1jbz-pngcrush-1.8.13"
        }
      }
    },
    "pre-commit@latest": {
      "last_modified": "2025-01-25T23:17:58Z",
      "resolved": "github:NixOS/nixpkgs/b582bb5b0d7af253b05d58314b85ab8ec46b8d19#pre-commit",
      "source": "devbox-search",
      "version": "4.0.1",
      "systems": {
        "aarch64-darwin": {
          "outputs": [
            {
              "name": "out",
              "path": "/nix/store/9lz1d1szzwzy6x242kk9px91pkdy7cd6-pre-commit-4.0.1",
              "default": true
            },
            {
              "name": "dist",
              "path": "/nix/store/hi34jjdsbbhq5xh1q0w47a23jpqf6iac-pre-commit-4.0.1-dist"
            }
          ],
          "store_path": "/nix/store/9lz1d1szzwzy6x242kk9px91pkdy7cd6-pre-commit-4.0.1"
        },
        "aarch64-linux": {
          "outputs": [
            {
              "name": "out",
              "path": "/nix/store/wnm7889axpdqqbl67n17kxw5sk31jjw5-pre-commit-4.0.1",
              "default": true
            },
            {
              "name": "dist",
              "path": "/nix/store/qr97swbwvy1b3xp49xpqrv57vprqjwdq-pre-commit-4.0.1-dist"
            }
          ],
          "store_path": "/nix/store/wnm7889axpdqqbl67n17kxw5sk31jjw5-pre-commit-4.0.1"
        },
        "x86_64-darwin": {
          "outputs": [
            {
              "name": "out",
              "path": "/nix/store/w7fwcza4vnyxlsw2ikqjinqsn02ks06j-pre-commit-4.0.1",
              "default": true
            },
            {
              "name": "dist",
              "path": "/nix/store/s7hxrwkn34q92g8pzw17v05ml3v10yys-pre-commit-4.0.1-dist"
            }
          ],
          "store_path": "/nix/store/w7fwcza4vnyxlsw2ikqjinqsn02ks06j-pre-commit-4.0.1"
        },
        "x86_64-linux": {
          "outputs": [
            {
              "name": "out",
              "path": "/nix/store/4x6p9yzvi0izpd3j4qj87z2d39lh0si6-pre-commit-4.0.1",
              "default": true
            },
            {
              "name": "dist",
              "path": "/nix/store/m78p9134p8njvmi881zkfrskb7i7a9z7-pre-commit-4.0.1-dist"
            }
          ],
          "store_path": "/nix/store/4x6p9yzvi0izpd3j4qj87z2d39lh0si6-pre-commit-4.0.1"
        }
      }
    },
    "python@3.12": {
      "last_modified": "2025-01-06T03:40:18Z",
      "plugin_version": "0.0.4",
      "resolved": "github:NixOS/nixpkgs/3df3c47c19dc90fec35359e89ffb52b34d2b0e94#python3",
      "source": "devbox-search",
      "version": "3.12.8",
      "systems": {
        "aarch64-darwin": {
          "outputs": [
            {
              "name": "out",
              "path": "/nix/store/8zc3wcplydp8gsxms24scpzdca438dk5-python3-3.12.8",
              "default": true
            }
          ],
          "store_path": "/nix/store/8zc3wcplydp8gsxms24scpzdca438dk5-python3-3.12.8"
        },
        "aarch64-linux": {
          "outputs": [
            {
              "name": "out",
              "path": "/nix/store/66pn6ysmvx675061xaq2vz93s9vdc5p4-python3-3.12.8",
              "default": true
            },
            {
              "name": "debug",
              "path": "/nix/store/brcg3a34fi45ffky63g5pqd22sksvq13-python3-3.12.8-debug"
            }
          ],
          "store_path": "/nix/store/66pn6ysmvx675061xaq2vz93s9vdc5p4-python3-3.12.8"
        },
        "x86_64-darwin": {
          "outputs": [
            {
              "name": "out",
              "path": "/nix/store/fpmkmdzgd1q7kqadc7czcjdhjj7bsc0i-python3-3.12.8",
              "default": true
            }
          ],
          "store_path": "/nix/store/fpmkmdzgd1q7kqadc7czcjdhjj7bsc0i-python3-3.12.8"
        },
        "x86_64-linux": {
          "outputs": [
            {
              "name": "out",
              "path": "/nix/store/c9m6yd8fg1flz2j5r4bif1ib5j20a0cy-python3-3.12.8",
              "default": true
            },
            {
              "name": "debug",
              "path": "/nix/store/cicfrcjr8pky8qd0gxw0x84ynyviy6b5-python3-3.12.8-debug"
            }
          ],
          "store_path": "/nix/store/c9m6yd8fg1flz2j5r4bif1ib5j20a0cy-python3-3.12.8"
        }
      }
    },
    "ruby@3.2": {
      "last_modified": "2025-01-25T23:17:58Z",
      "plugin_version": "0.0.2",
      "resolved": "github:NixOS/nixpkgs/b582bb5b0d7af253b05d58314b85ab8ec46b8d19#ruby_3_2",
      "source": "devbox-search",
      "version": "3.2.6",
      "systems": {
        "aarch64-darwin": {
          "outputs": [
            {
              "name": "out",
              "path": "/nix/store/1kggvh2ffzb5shg2zvchl0d80xp0wjch-ruby-3.2.6",
              "default": true
            },
            {
              "name": "devdoc",
              "path": "/nix/store/kyqq9pr3n7w0rcbblxrg7vnawqzwsx51-ruby-3.2.6-devdoc"
            }
          ],
          "store_path": "/nix/store/1kggvh2ffzb5shg2zvchl0d80xp0wjch-ruby-3.2.6"
        },
        "aarch64-linux": {
          "outputs": [
            {
              "name": "out",
              "path": "/nix/store/1cs2shfr0k4n3qiwp6gdk8ry02xxc88w-ruby-3.2.6",
              "default": true
            },
            {
              "name": "devdoc",
              "path": "/nix/store/g2crzm1wgn39dbl48h9vlhqwhjasnrzx-ruby-3.2.6-devdoc"
            }
          ],
          "store_path": "/nix/store/1cs2shfr0k4n3qiwp6gdk8ry02xxc88w-ruby-3.2.6"
        },
        "x86_64-darwin": {
          "outputs": [
            {
              "name": "out",
              "path": "/nix/store/8vhgpg56f4794dxzcks7ka0lx580yzls-ruby-3.2.6",
              "default": true
            },
            {
              "name": "devdoc",
              "path": "/nix/store/qn4kb6vfaq3a90rzq4zgb4w9gpsbjbrn-ruby-3.2.6-devdoc"
            }
          ],
          "store_path": "/nix/store/8vhgpg56f4794dxzcks7ka0lx580yzls-ruby-3.2.6"
        },
        "x86_64-linux": {
          "outputs": [
            {
              "name": "out",
              "path": "/nix/store/yr5k8zjvsig3avalwax5cz2zk9zxvnij-ruby-3.2.6",
              "default": true
            },
            {
              "name": "devdoc",
              "path": "/nix/store/dmnxgm9njz2aip4ibwrjv9zn7vg7a5y9-ruby-3.2.6-devdoc"
            }
          ],
          "store_path": "/nix/store/yr5k8zjvsig3avalwax5cz2zk9zxvnij-ruby-3.2.6"
        }
      }
    },
    "rubyPackages_3_2.webrick@latest": {
      "last_modified": "2025-01-25T23:17:58Z",
      "resolved": "github:NixOS/nixpkgs/b582bb5b0d7af253b05d58314b85ab8ec46b8d19#rubyPackages_3_2.webrick",
      "source": "devbox-search",
      "version": "1.8.1",
      "systems": {
        "aarch64-darwin": {
          "outputs": [
            {
              "name": "out",
              "path": "/nix/store/jahpawf5afcfjsrd7c6h9gbsdzffycbc-ruby3.2-webrick-1.8.1",
              "default": true
            }
          ],
          "store_path": "/nix/store/jahpawf5afcfjsrd7c6h9gbsdzffycbc-ruby3.2-webrick-1.8.1"
        },
        "aarch64-linux": {
          "outputs": [
            {
              "name": "out",
              "path": "/nix/store/knv6lrv6pwba95n0gca5s5h6fskwgkrr-ruby3.2-webrick-1.8.1",
              "default": true
            }
          ],
          "store_path": "/nix/store/knv6lrv6pwba95n0gca5s5h6fskwgkrr-ruby3.2-webrick-1.8.1"
        },
        "x86_64-darwin": {
          "outputs": [
            {
              "name": "out",
              "path": "/nix/store/sv9djpkmrq2nx4pm5cr3yqm6yvd9kj5n-ruby3.2-webrick-1.8.1",
              "default": true
            }
          ],
          "store_path": "/nix/store/sv9djpkmrq2nx4pm5cr3yqm6yvd9kj5n-ruby3.2-webrick-1.8.1"
        },
        "x86_64-linux": {
          "outputs": [
            {
              "name": "out",
              "path": "/nix/store/kp14jc83npmm2wzr0z6h0c4kjwsbs879-ruby3.2-webrick-1.8.1",
              "default": true
            }
          ],
          "store_path": "/nix/store/kp14jc83npmm2wzr0z6h0c4kjwsbs879-ruby3.2-webrick-1.8.1"
        }
      }
    },
    "shellcheck@latest": {
      "last_modified": "2025-01-19T08:16:51Z",
      "resolved": "github:NixOS/nixpkgs/50165c4f7eb48ce82bd063e1fb8047a0f515f8ce#shellcheck",
      "source": "devbox-search",
      "version": "0.10.0",
      "systems": {
        "aarch64-darwin": {
          "outputs": [
            {
              "name": "bin",
              "path": "/nix/store/3dxs66z95mafvn1dsqhg4f0zlz8b4cqv-shellcheck-0.10.0-bin",
              "default": true
            },
            {
              "name": "man",
              "path": "/nix/store/jvv73bnrkjyq2c615i0ck9svl6pf0k2g-shellcheck-0.10.0-man",
              "default": true
            },
            {
              "name": "doc",
              "path": "/nix/store/y1jpdlkaxxsgj6xikq1zlw81mdn3la43-shellcheck-0.10.0-doc",
              "default": true
            },
            {
              "name": "out",
              "path": "/nix/store/9gd0zysiiq4m4mxxvnxr73ic2h99a7a1-shellcheck-0.10.0"
            }
          ],
          "store_path": "/nix/store/3dxs66z95mafvn1dsqhg4f0zlz8b4cqv-shellcheck-0.10.0-bin"
        },
        "aarch64-linux": {
          "outputs": [
            {
              "name": "bin",
              "path": "/nix/store/pp14gcfz5kgzlmxkjyb0s3dxb7kkz3ip-shellcheck-0.10.0-bin",
              "default": true
            },
            {
              "name": "man",
              "path": "/nix/store/md7b3jwq12xir40q745ym8jygsayybc0-shellcheck-0.10.0-man",
              "default": true
            },
            {
              "name": "doc",
              "path": "/nix/store/5m7p5y631k6972i7caii9y6pkvqp6rmx-shellcheck-0.10.0-doc",
              "default": true
            },
            {
              "name": "out",
              "path": "/nix/store/ggfpagl406bgsyqdq44x15mz1y50rbfz-shellcheck-0.10.0"
            }
          ],
          "store_path": "/nix/store/pp14gcfz5kgzlmxkjyb0s3dxb7kkz3ip-shellcheck-0.10.0-bin"
        },
        "x86_64-darwin": {
          "outputs": [
            {
              "name": "bin",
              "path": "/nix/store/2wfg86v5m65843ac5ndxh49lkgz0ra62-shellcheck-0.10.0-bin",
              "default": true
            },
            {
              "name": "man",
              "path": "/nix/store/j0ac5q3f8amcjlv7mpnarpc489kcmwch-shellcheck-0.10.0-man",
              "default": true
            },
            {
              "name": "doc",
              "path": "/nix/store/169a6625l5jwkkm4kmdsn9jwh7g6r5xi-shellcheck-0.10.0-doc",
              "default": true
            },
            {
              "name": "out",
              "path": "/nix/store/qvwdimh65m17vim2pyasv35vnxa4xngp-shellcheck-0.10.0"
            }
          ],
          "store_path": "/nix/store/2wfg86v5m65843ac5ndxh49lkgz0ra62-shellcheck-0.10.0-bin"
        },
        "x86_64-linux": {
          "outputs": [
            {
              "name": "bin",
              "path": "/nix/store/d578igb56crc28zrx914mqxbc88djhk5-shellcheck-0.10.0-bin",
              "default": true
            },
            {
              "name": "man",
              "path": "/nix/store/dz7qklqp1cbjpjcnghwd347z9fc5wmyz-shellcheck-0.10.0-man",
              "default": true
            },
            {
              "name": "doc",
              "path": "/nix/store/qsis93k3w3aa092v94jk0d7sykfch2li-shellcheck-0.10.0-doc",
              "default": true
            },
            {
              "name": "out",
              "path": "/nix/store/izcpyz4chn72321vxi0g4m2cfk8a4m28-shellcheck-0.10.0"
            }
          ],
          "store_path": "/nix/store/d578igb56crc28zrx914mqxbc88djhk5-shellcheck-0.10.0-bin"
        }
      }
    },
    "vhs@latest": {
      "last_modified": "2025-01-25T23:17:58Z",
      "resolved": "github:NixOS/nixpkgs/b582bb5b0d7af253b05d58314b85ab8ec46b8d19#vhs",
      "source": "devbox-search",
      "version": "0.9.0",
      "systems": {
        "aarch64-darwin": {
          "outputs": [
            {
              "name": "out",
              "path": "/nix/store/sb0mi2vgn2jyqz308a4d4b9mfnxdqsia-vhs-0.9.0",
              "default": true
            }
          ],
          "store_path": "/nix/store/sb0mi2vgn2jyqz308a4d4b9mfnxdqsia-vhs-0.9.0"
        },
        "aarch64-linux": {
          "outputs": [
            {
              "name": "out",
              "path": "/nix/store/f8p3dcf2zwd604b7zp9rpj7pzyfqxnq6-vhs-0.9.0",
              "default": true
            }
          ],
          "store_path": "/nix/store/f8p3dcf2zwd604b7zp9rpj7pzyfqxnq6-vhs-0.9.0"
        },
        "x86_64-darwin": {
          "outputs": [
            {
              "name": "out",
              "path": "/nix/store/4hd2rb25bh9qn701a4v8yqhpyn31rs0v-vhs-0.9.0",
              "default": true
            }
          ],
          "store_path": "/nix/store/4hd2rb25bh9qn701a4v8yqhpyn31rs0v-vhs-0.9.0"
        },
        "x86_64-linux": {
          "outputs": [
            {
              "name": "out",
              "path": "/nix/store/s7aamcahfbdi8cbhh78j3gyl146rfyfb-vhs-0.9.0",
              "default": true
            }
          ],
          "store_path": "/nix/store/s7aamcahfbdi8cbhh78j3gyl146rfyfb-vhs-0.9.0"
        }
      }
    },
    "yamlfmt@latest": {
      "last_modified": "2025-01-25T23:17:58Z",
      "resolved": "github:NixOS/nixpkgs/b582bb5b0d7af253b05d58314b85ab8ec46b8d19#yamlfmt",
      "source": "devbox-search",
      "version": "0.15.0",
      "systems": {
        "aarch64-darwin": {
          "outputs": [
            {
              "name": "out",
              "path": "/nix/store/9jrwgkpw4s3467gdhlx478zwf5p63jbk-yamlfmt-0.15.0",
              "default": true
            }
          ],
          "store_path": "/nix/store/9jrwgkpw4s3467gdhlx478zwf5p63jbk-yamlfmt-0.15.0"
        },
        "aarch64-linux": {
          "outputs": [
            {
              "name": "out",
              "path": "/nix/store/yl020jdk71scgkh1i86b5z3s88nzlmv3-yamlfmt-0.15.0",
              "default": true
            }
          ],
          "store_path": "/nix/store/yl020jdk71scgkh1i86b5z3s88nzlmv3-yamlfmt-0.15.0"
        },
        "x86_64-darwin": {
          "outputs": [
            {
              "name": "out",
              "path": "/nix/store/p5ljda1l51rbj2ymf52fd2v38mvm1b67-yamlfmt-0.15.0",
              "default": true
            }
          ],
          "store_path": "/nix/store/p5ljda1l51rbj2ymf52fd2v38mvm1b67-yamlfmt-0.15.0"
        },
        "x86_64-linux": {
          "outputs": [
            {
              "name": "out",
              "path": "/nix/store/6jsn1y2bspnka17rqqyh63aw89n0js91-yamlfmt-0.15.0",
              "default": true
            }
          ],
          "store_path": "/nix/store/6jsn1y2bspnka17rqqyh63aw89n0js91-yamlfmt-0.15.0"
        }
      }
    },
    "yamllint@latest": {
      "last_modified": "2025-01-19T08:16:51Z",
      "resolved": "github:NixOS/nixpkgs/50165c4f7eb48ce82bd063e1fb8047a0f515f8ce#yamllint",
      "source": "devbox-search",
      "version": "1.35.1",
      "systems": {
        "aarch64-darwin": {
          "outputs": [
            {
              "name": "out",
              "path": "/nix/store/jlcrw184bxcbqcs6igjwal55425xxcm9-python3.12-yamllint-1.35.1",
              "default": true
            },
            {
              "name": "dist",
              "path": "/nix/store/22vzn06fx5yzgfn80ka77fj0hy45nb23-python3.12-yamllint-1.35.1-dist"
            }
          ],
          "store_path": "/nix/store/jlcrw184bxcbqcs6igjwal55425xxcm9-python3.12-yamllint-1.35.1"
        },
        "aarch64-linux": {
          "outputs": [
            {
              "name": "out",
              "path": "/nix/store/6vzl6v6m6wrlv78xpw4bq38hidkcvscv-python3.12-yamllint-1.35.1",
              "default": true
            },
            {
              "name": "dist",
              "path": "/nix/store/wqc08x7gsly5imchhifp079q8sgrpc5a-python3.12-yamllint-1.35.1-dist"
            }
          ],
          "store_path": "/nix/store/6vzl6v6m6wrlv78xpw4bq38hidkcvscv-python3.12-yamllint-1.35.1"
        },
        "x86_64-darwin": {
          "outputs": [
            {
              "name": "out",
              "path": "/nix/store/6idgrdfw4v396r10xj1wfj303ngxvq4d-python3.12-yamllint-1.35.1",
              "default": true
            },
            {
              "name": "dist",
              "path": "/nix/store/6jlj9r9jazvd9hnp9m6l3p4r9d1bihgm-python3.12-yamllint-1.35.1-dist"
            }
          ],
          "store_path": "/nix/store/6idgrdfw4v396r10xj1wfj303ngxvq4d-python3.12-yamllint-1.35.1"
        },
        "x86_64-linux": {
          "outputs": [
            {
              "name": "out",
              "path": "/nix/store/cz1y92gzhb2ldxz8jhfmfg84r99v15z1-python3.12-yamllint-1.35.1",
              "default": true
            },
            {
              "name": "dist",
              "path": "/nix/store/s04aw0g043zlpn6dwvfbgd8jaa22idgx-python3.12-yamllint-1.35.1-dist"
            }
          ],
          "store_path": "/nix/store/cz1y92gzhb2ldxz8jhfmfg84r99v15z1-python3.12-yamllint-1.35.1"
        }
      }
    }
  }
}
